// !$*UTF8*$!
{
	archiveVersion = 1;
	classes = {
	};
	objectVersion = 50;
	objects = {

/* Begin PBXBuildFile section */
		4431A04522AAF5FF00865489 /* AppDelegate.swift in Sources */ = {isa = PBXBuildFile; fileRef = 4431A04422AAF5FF00865489 /* AppDelegate.swift */; };
		4431A04B22AAF5FF00865489 /* GameScene.swift in Sources */ = {isa = PBXBuildFile; fileRef = 4431A04A22AAF5FF00865489 /* GameScene.swift */; };
		4431A04D22AAF5FF00865489 /* ViewController.swift in Sources */ = {isa = PBXBuildFile; fileRef = 4431A04C22AAF5FF00865489 /* ViewController.swift */; };
		4431A04F22AAF60000865489 /* Assets.xcassets in Resources */ = {isa = PBXBuildFile; fileRef = 4431A04E22AAF60000865489 /* Assets.xcassets */; };
		4431A05222AAF60000865489 /* Main.storyboard in Resources */ = {isa = PBXBuildFile; fileRef = 4431A05022AAF60000865489 /* Main.storyboard */; };
		4431A05B22AB0CDE00865489 /* SquareNode.swift in Sources */ = {isa = PBXBuildFile; fileRef = 4431A05A22AB0CDE00865489 /* SquareNode.swift */; };
		4431A05D22AB0D2E00865489 /* FileGrabber.swift in Sources */ = {isa = PBXBuildFile; fileRef = 4431A05C22AB0D2E00865489 /* FileGrabber.swift */; };
		44FEDB5422AF1F94002FE07C /* AppDelegate.swift in Sources */ = {isa = PBXBuildFile; fileRef = 44FEDB5322AF1F94002FE07C /* AppDelegate.swift */; };
		44FEDB5C22AF1F94002FE07C /* GameViewController.swift in Sources */ = {isa = PBXBuildFile; fileRef = 44FEDB5B22AF1F94002FE07C /* GameViewController.swift */; };
		44FEDB6622AF2004002FE07C /* GameScene.swift in Sources */ = {isa = PBXBuildFile; fileRef = 4431A04A22AAF5FF00865489 /* GameScene.swift */; };
		44FEDB6722AF2007002FE07C /* Assets.xcassets in Resources */ = {isa = PBXBuildFile; fileRef = 4431A04E22AAF60000865489 /* Assets.xcassets */; };
		44FEDB6822AF200E002FE07C /* FileGrabber.swift in Sources */ = {isa = PBXBuildFile; fileRef = 4431A05C22AB0D2E00865489 /* FileGrabber.swift */; };
		44FEDB6922AF2011002FE07C /* ToroidalMatrix.swift in Sources */ = {isa = PBXBuildFile; fileRef = B45BF8B822AC2D4E00D77162 /* ToroidalMatrix.swift */; };
		44FEDB6A22AF2019002FE07C /* SquareNode.swift in Sources */ = {isa = PBXBuildFile; fileRef = 4431A05A22AB0CDE00865489 /* SquareNode.swift */; };
		44FEDB6B22AF201B002FE07C /* AntNode.swift in Sources */ = {isa = PBXBuildFile; fileRef = B49498A422AB492D0027308B /* AntNode.swift */; };
		44FEDB6C22AF201F002FE07C /* Direction.swift in Sources */ = {isa = PBXBuildFile; fileRef = B49498A222AB48460027308B /* Direction.swift */; };
		44FEDB6D22AF2022002FE07C /* NodeType.swift in Sources */ = {isa = PBXBuildFile; fileRef = B45BF8BF22AC83FB00D77162 /* NodeType.swift */; };
		B45BF8B922AC2D4E00D77162 /* ToroidalMatrix.swift in Sources */ = {isa = PBXBuildFile; fileRef = B45BF8B822AC2D4E00D77162 /* ToroidalMatrix.swift */; };
		B45BF8C022AC83FB00D77162 /* NodeType.swift in Sources */ = {isa = PBXBuildFile; fileRef = B45BF8BF22AC83FB00D77162 /* NodeType.swift */; };
		B49498A322AB48460027308B /* Direction.swift in Sources */ = {isa = PBXBuildFile; fileRef = B49498A222AB48460027308B /* Direction.swift */; };
		B49498A522AB492D0027308B /* AntNode.swift in Sources */ = {isa = PBXBuildFile; fileRef = B49498A422AB492D0027308B /* AntNode.swift */; };
/* End PBXBuildFile section */

/* Begin PBXFileReference section */
		4431A04122AAF5FF00865489 /* macOS.app */ = {isa = PBXFileReference; explicitFileType = wrapper.application; includeInIndex = 0; path = macOS.app; sourceTree = BUILT_PRODUCTS_DIR; };
		4431A04422AAF5FF00865489 /* AppDelegate.swift */ = {isa = PBXFileReference; lastKnownFileType = sourcecode.swift; path = AppDelegate.swift; sourceTree = "<group>"; };
		4431A04A22AAF5FF00865489 /* GameScene.swift */ = {isa = PBXFileReference; lastKnownFileType = sourcecode.swift; path = GameScene.swift; sourceTree = "<group>"; };
		4431A04C22AAF5FF00865489 /* ViewController.swift */ = {isa = PBXFileReference; lastKnownFileType = sourcecode.swift; path = ViewController.swift; sourceTree = "<group>"; };
		4431A04E22AAF60000865489 /* Assets.xcassets */ = {isa = PBXFileReference; lastKnownFileType = folder.assetcatalog; path = Assets.xcassets; sourceTree = "<group>"; };
		4431A05122AAF60000865489 /* Base */ = {isa = PBXFileReference; lastKnownFileType = file.storyboard; name = Base; path = Base.lproj/Main.storyboard; sourceTree = "<group>"; };
		4431A05322AAF60000865489 /* Info.plist */ = {isa = PBXFileReference; lastKnownFileType = text.plist.xml; path = Info.plist; sourceTree = "<group>"; };
		4431A05422AAF60000865489 /* Ant_Saver.entitlements */ = {isa = PBXFileReference; lastKnownFileType = text.plist.entitlements; path = Ant_Saver.entitlements; sourceTree = "<group>"; };
		4431A05A22AB0CDE00865489 /* SquareNode.swift */ = {isa = PBXFileReference; lastKnownFileType = sourcecode.swift; path = SquareNode.swift; sourceTree = "<group>"; };
		4431A05C22AB0D2E00865489 /* FileGrabber.swift */ = {isa = PBXFileReference; lastKnownFileType = sourcecode.swift; path = FileGrabber.swift; sourceTree = "<group>"; };
		44FEDB5122AF1F94002FE07C /* tvOS.app */ = {isa = PBXFileReference; explicitFileType = wrapper.application; includeInIndex = 0; path = tvOS.app; sourceTree = BUILT_PRODUCTS_DIR; };
		44FEDB5322AF1F94002FE07C /* AppDelegate.swift */ = {isa = PBXFileReference; lastKnownFileType = sourcecode.swift; path = AppDelegate.swift; sourceTree = "<group>"; };
		44FEDB5B22AF1F94002FE07C /* GameViewController.swift */ = {isa = PBXFileReference; lastKnownFileType = sourcecode.swift; path = GameViewController.swift; sourceTree = "<group>"; };
		44FEDB6222AF1F96002FE07C /* Info.plist */ = {isa = PBXFileReference; lastKnownFileType = text.plist.xml; path = Info.plist; sourceTree = "<group>"; };
		B45BF8B822AC2D4E00D77162 /* ToroidalMatrix.swift */ = {isa = PBXFileReference; lastKnownFileType = sourcecode.swift; path = ToroidalMatrix.swift; sourceTree = "<group>"; };
		B45BF8BF22AC83FB00D77162 /* NodeType.swift */ = {isa = PBXFileReference; lastKnownFileType = sourcecode.swift; path = NodeType.swift; sourceTree = "<group>"; };
		B49498A222AB48460027308B /* Direction.swift */ = {isa = PBXFileReference; lastKnownFileType = sourcecode.swift; path = Direction.swift; sourceTree = "<group>"; };
		B49498A422AB492D0027308B /* AntNode.swift */ = {isa = PBXFileReference; lastKnownFileType = sourcecode.swift; path = AntNode.swift; sourceTree = "<group>"; };
/* End PBXFileReference section */

/* Begin PBXFrameworksBuildPhase section */
		4431A03E22AAF5FF00865489 /* Frameworks */ = {
			isa = PBXFrameworksBuildPhase;
			buildActionMask = 2147483647;
			files = (
			);
			runOnlyForDeploymentPostprocessing = 0;
		};
		44FEDB4E22AF1F94002FE07C /* Frameworks */ = {
			isa = PBXFrameworksBuildPhase;
			buildActionMask = 2147483647;
			files = (
			);
			runOnlyForDeploymentPostprocessing = 0;
		};
/* End PBXFrameworksBuildPhase section */

/* Begin PBXGroup section */
		4431A03822AAF5FF00865489 = {
			isa = PBXGroup;
			children = (
				4431A04322AAF5FF00865489 /* macOS */,
				44FEDB5222AF1F94002FE07C /* tvOS */,
				4431A04222AAF5FF00865489 /* Products */,
			);
			sourceTree = "<group>";
		};
		4431A04222AAF5FF00865489 /* Products */ = {
			isa = PBXGroup;
			children = (
				4431A04122AAF5FF00865489 /* macOS.app */,
				44FEDB5122AF1F94002FE07C /* tvOS.app */,
			);
			name = Products;
			sourceTree = "<group>";
		};
		4431A04322AAF5FF00865489 /* macOS */ = {
			isa = PBXGroup;
			children = (
				B45BF8BE22AC83D500D77162 /* Nodes */,
				4431A04422AAF5FF00865489 /* AppDelegate.swift */,
				4431A04A22AAF5FF00865489 /* GameScene.swift */,
				4431A04C22AAF5FF00865489 /* ViewController.swift */,
				4431A04E22AAF60000865489 /* Assets.xcassets */,
				4431A05022AAF60000865489 /* Main.storyboard */,
				4431A05322AAF60000865489 /* Info.plist */,
				4431A05422AAF60000865489 /* Ant_Saver.entitlements */,
				4431A05C22AB0D2E00865489 /* FileGrabber.swift */,
				B45BF8B822AC2D4E00D77162 /* ToroidalMatrix.swift */,
			);
			path = macOS;
			sourceTree = "<group>";
		};
		44FEDB5222AF1F94002FE07C /* tvOS */ = {
			isa = PBXGroup;
			children = (
				44FEDB5322AF1F94002FE07C /* AppDelegate.swift */,
				44FEDB5B22AF1F94002FE07C /* GameViewController.swift */,
				44FEDB6222AF1F96002FE07C /* Info.plist */,
			);
			path = tvOS;
			sourceTree = "<group>";
		};
		B45BF8BE22AC83D500D77162 /* Nodes */ = {
			isa = PBXGroup;
			children = (
				4431A05A22AB0CDE00865489 /* SquareNode.swift */,
				B49498A422AB492D0027308B /* AntNode.swift */,
				B45BF8BF22AC83FB00D77162 /* NodeType.swift */,
				B49498A222AB48460027308B /* Direction.swift */,
			);
			path = Nodes;
			sourceTree = "<group>";
		};
/* End PBXGroup section */

/* Begin PBXNativeTarget section */
		4431A04022AAF5FF00865489 /* macOS */ = {
			isa = PBXNativeTarget;
			buildConfigurationList = 4431A05722AAF60000865489 /* Build configuration list for PBXNativeTarget "macOS" */;
			buildPhases = (
				4431A03D22AAF5FF00865489 /* Sources */,
				4431A03E22AAF5FF00865489 /* Frameworks */,
				4431A03F22AAF5FF00865489 /* Resources */,
			);
			buildRules = (
			);
			dependencies = (
			);
			name = macOS;
			productName = "Ant Saver";
			productReference = 4431A04122AAF5FF00865489 /* macOS.app */;
			productType = "com.apple.product-type.application";
		};
		44FEDB5022AF1F94002FE07C /* tvOS */ = {
			isa = PBXNativeTarget;
			buildConfigurationList = 44FEDB6522AF1F96002FE07C /* Build configuration list for PBXNativeTarget "tvOS" */;
			buildPhases = (
				44FEDB4D22AF1F94002FE07C /* Sources */,
				44FEDB4E22AF1F94002FE07C /* Frameworks */,
				44FEDB4F22AF1F94002FE07C /* Resources */,
			);
			buildRules = (
			);
			dependencies = (
			);
			name = tvOS;
			productName = "Langton's Planet";
			productReference = 44FEDB5122AF1F94002FE07C /* tvOS.app */;
			productType = "com.apple.product-type.application";
		};
/* End PBXNativeTarget section */

/* Begin PBXProject section */
		4431A03922AAF5FF00865489 /* Project object */ = {
			isa = PBXProject;
			attributes = {
				LastSwiftUpdateCheck = 1020;
				LastUpgradeCheck = 1020;
				ORGANIZATIONNAME = "Brad Root";
				TargetAttributes = {
					4431A04022AAF5FF00865489 = {
						CreatedOnToolsVersion = 10.2.1;
					};
					44FEDB5022AF1F94002FE07C = {
						CreatedOnToolsVersion = 10.2.1;
					};
				};
			};
			buildConfigurationList = 4431A03C22AAF5FF00865489 /* Build configuration list for PBXProject "Langton's Planet" */;
			compatibilityVersion = "Xcode 9.3";
			developmentRegion = en;
			hasScannedForEncodings = 0;
			knownRegions = (
				en,
				Base,
			);
			mainGroup = 4431A03822AAF5FF00865489;
			productRefGroup = 4431A04222AAF5FF00865489 /* Products */;
			projectDirPath = "";
			projectRoot = "";
			targets = (
				4431A04022AAF5FF00865489 /* macOS */,
				44FEDB5022AF1F94002FE07C /* tvOS */,
			);
		};
/* End PBXProject section */

/* Begin PBXResourcesBuildPhase section */
		4431A03F22AAF5FF00865489 /* Resources */ = {
			isa = PBXResourcesBuildPhase;
			buildActionMask = 2147483647;
			files = (
				4431A04F22AAF60000865489 /* Assets.xcassets in Resources */,
				4431A05222AAF60000865489 /* Main.storyboard in Resources */,
			);
			runOnlyForDeploymentPostprocessing = 0;
		};
		44FEDB4F22AF1F94002FE07C /* Resources */ = {
			isa = PBXResourcesBuildPhase;
			buildActionMask = 2147483647;
			files = (
				44FEDB6722AF2007002FE07C /* Assets.xcassets in Resources */,
			);
			runOnlyForDeploymentPostprocessing = 0;
		};
/* End PBXResourcesBuildPhase section */

/* Begin PBXSourcesBuildPhase section */
		4431A03D22AAF5FF00865489 /* Sources */ = {
			isa = PBXSourcesBuildPhase;
			buildActionMask = 2147483647;
			files = (
				4431A05D22AB0D2E00865489 /* FileGrabber.swift in Sources */,
				4431A04D22AAF5FF00865489 /* ViewController.swift in Sources */,
				B45BF8B922AC2D4E00D77162 /* ToroidalMatrix.swift in Sources */,
				B45BF8C022AC83FB00D77162 /* NodeType.swift in Sources */,
				4431A04B22AAF5FF00865489 /* GameScene.swift in Sources */,
				4431A05B22AB0CDE00865489 /* SquareNode.swift in Sources */,
				4431A04522AAF5FF00865489 /* AppDelegate.swift in Sources */,
				B49498A522AB492D0027308B /* AntNode.swift in Sources */,
				B49498A322AB48460027308B /* Direction.swift in Sources */,
			);
			runOnlyForDeploymentPostprocessing = 0;
		};
		44FEDB4D22AF1F94002FE07C /* Sources */ = {
			isa = PBXSourcesBuildPhase;
			buildActionMask = 2147483647;
			files = (
				44FEDB6622AF2004002FE07C /* GameScene.swift in Sources */,
				44FEDB6822AF200E002FE07C /* FileGrabber.swift in Sources */,
				44FEDB6A22AF2019002FE07C /* SquareNode.swift in Sources */,
				44FEDB6D22AF2022002FE07C /* NodeType.swift in Sources */,
				44FEDB6C22AF201F002FE07C /* Direction.swift in Sources */,
				44FEDB6922AF2011002FE07C /* ToroidalMatrix.swift in Sources */,
				44FEDB5C22AF1F94002FE07C /* GameViewController.swift in Sources */,
				44FEDB6B22AF201B002FE07C /* AntNode.swift in Sources */,
				44FEDB5422AF1F94002FE07C /* AppDelegate.swift in Sources */,
			);
			runOnlyForDeploymentPostprocessing = 0;
		};
/* End PBXSourcesBuildPhase section */

/* Begin PBXVariantGroup section */
		4431A05022AAF60000865489 /* Main.storyboard */ = {
			isa = PBXVariantGroup;
			children = (
				4431A05122AAF60000865489 /* Base */,
			);
			name = Main.storyboard;
			sourceTree = "<group>";
		};
/* End PBXVariantGroup section */

/* Begin XCBuildConfiguration section */
		4431A05522AAF60000865489 /* Debug */ = {
			isa = XCBuildConfiguration;
			buildSettings = {
				ALWAYS_SEARCH_USER_PATHS = NO;
				CLANG_ANALYZER_NONNULL = YES;
				CLANG_ANALYZER_NUMBER_OBJECT_CONVERSION = YES_AGGRESSIVE;
				CLANG_CXX_LANGUAGE_STANDARD = "gnu++14";
				CLANG_CXX_LIBRARY = "libc++";
				CLANG_ENABLE_MODULES = YES;
				CLANG_ENABLE_OBJC_ARC = YES;
				CLANG_ENABLE_OBJC_WEAK = YES;
				CLANG_WARN_BLOCK_CAPTURE_AUTORELEASING = YES;
				CLANG_WARN_BOOL_CONVERSION = YES;
				CLANG_WARN_COMMA = YES;
				CLANG_WARN_CONSTANT_CONVERSION = YES;
				CLANG_WARN_DEPRECATED_OBJC_IMPLEMENTATIONS = YES;
				CLANG_WARN_DIRECT_OBJC_ISA_USAGE = YES_ERROR;
				CLANG_WARN_DOCUMENTATION_COMMENTS = YES;
				CLANG_WARN_EMPTY_BODY = YES;
				CLANG_WARN_ENUM_CONVERSION = YES;
				CLANG_WARN_INFINITE_RECURSION = YES;
				CLANG_WARN_INT_CONVERSION = YES;
				CLANG_WARN_NON_LITERAL_NULL_CONVERSION = YES;
				CLANG_WARN_OBJC_IMPLICIT_RETAIN_SELF = YES;
				CLANG_WARN_OBJC_LITERAL_CONVERSION = YES;
				CLANG_WARN_OBJC_ROOT_CLASS = YES_ERROR;
				CLANG_WARN_RANGE_LOOP_ANALYSIS = YES;
				CLANG_WARN_STRICT_PROTOTYPES = YES;
				CLANG_WARN_SUSPICIOUS_MOVE = YES;
				CLANG_WARN_UNGUARDED_AVAILABILITY = YES_AGGRESSIVE;
				CLANG_WARN_UNREACHABLE_CODE = YES;
				CLANG_WARN__DUPLICATE_METHOD_MATCH = YES;
				CODE_SIGN_IDENTITY = "Mac Developer";
				COPY_PHASE_STRIP = NO;
				DEBUG_INFORMATION_FORMAT = dwarf;
				ENABLE_STRICT_OBJC_MSGSEND = YES;
				ENABLE_TESTABILITY = YES;
				GCC_C_LANGUAGE_STANDARD = gnu11;
				GCC_DYNAMIC_NO_PIC = NO;
				GCC_NO_COMMON_BLOCKS = YES;
				GCC_OPTIMIZATION_LEVEL = 0;
				GCC_PREPROCESSOR_DEFINITIONS = (
					"DEBUG=1",
					"$(inherited)",
				);
				GCC_WARN_64_TO_32_BIT_CONVERSION = YES;
				GCC_WARN_ABOUT_RETURN_TYPE = YES_ERROR;
				GCC_WARN_UNDECLARED_SELECTOR = YES;
				GCC_WARN_UNINITIALIZED_AUTOS = YES_AGGRESSIVE;
				GCC_WARN_UNUSED_FUNCTION = YES;
				GCC_WARN_UNUSED_VARIABLE = YES;
				MACOSX_DEPLOYMENT_TARGET = 10.14;
				MTL_ENABLE_DEBUG_INFO = INCLUDE_SOURCE;
				MTL_FAST_MATH = YES;
				ONLY_ACTIVE_ARCH = YES;
				SDKROOT = macosx;
				SWIFT_ACTIVE_COMPILATION_CONDITIONS = DEBUG;
				SWIFT_OPTIMIZATION_LEVEL = "-Onone";
			};
			name = Debug;
		};
		4431A05622AAF60000865489 /* Release */ = {
			isa = XCBuildConfiguration;
			buildSettings = {
				ALWAYS_SEARCH_USER_PATHS = NO;
				CLANG_ANALYZER_NONNULL = YES;
				CLANG_ANALYZER_NUMBER_OBJECT_CONVERSION = YES_AGGRESSIVE;
				CLANG_CXX_LANGUAGE_STANDARD = "gnu++14";
				CLANG_CXX_LIBRARY = "libc++";
				CLANG_ENABLE_MODULES = YES;
				CLANG_ENABLE_OBJC_ARC = YES;
				CLANG_ENABLE_OBJC_WEAK = YES;
				CLANG_WARN_BLOCK_CAPTURE_AUTORELEASING = YES;
				CLANG_WARN_BOOL_CONVERSION = YES;
				CLANG_WARN_COMMA = YES;
				CLANG_WARN_CONSTANT_CONVERSION = YES;
				CLANG_WARN_DEPRECATED_OBJC_IMPLEMENTATIONS = YES;
				CLANG_WARN_DIRECT_OBJC_ISA_USAGE = YES_ERROR;
				CLANG_WARN_DOCUMENTATION_COMMENTS = YES;
				CLANG_WARN_EMPTY_BODY = YES;
				CLANG_WARN_ENUM_CONVERSION = YES;
				CLANG_WARN_INFINITE_RECURSION = YES;
				CLANG_WARN_INT_CONVERSION = YES;
				CLANG_WARN_NON_LITERAL_NULL_CONVERSION = YES;
				CLANG_WARN_OBJC_IMPLICIT_RETAIN_SELF = YES;
				CLANG_WARN_OBJC_LITERAL_CONVERSION = YES;
				CLANG_WARN_OBJC_ROOT_CLASS = YES_ERROR;
				CLANG_WARN_RANGE_LOOP_ANALYSIS = YES;
				CLANG_WARN_STRICT_PROTOTYPES = YES;
				CLANG_WARN_SUSPICIOUS_MOVE = YES;
				CLANG_WARN_UNGUARDED_AVAILABILITY = YES_AGGRESSIVE;
				CLANG_WARN_UNREACHABLE_CODE = YES;
				CLANG_WARN__DUPLICATE_METHOD_MATCH = YES;
				CODE_SIGN_IDENTITY = "Mac Developer";
				COPY_PHASE_STRIP = NO;
				DEBUG_INFORMATION_FORMAT = "dwarf-with-dsym";
				ENABLE_NS_ASSERTIONS = NO;
				ENABLE_STRICT_OBJC_MSGSEND = YES;
				GCC_C_LANGUAGE_STANDARD = gnu11;
				GCC_NO_COMMON_BLOCKS = YES;
				GCC_WARN_64_TO_32_BIT_CONVERSION = YES;
				GCC_WARN_ABOUT_RETURN_TYPE = YES_ERROR;
				GCC_WARN_UNDECLARED_SELECTOR = YES;
				GCC_WARN_UNINITIALIZED_AUTOS = YES_AGGRESSIVE;
				GCC_WARN_UNUSED_FUNCTION = YES;
				GCC_WARN_UNUSED_VARIABLE = YES;
				MACOSX_DEPLOYMENT_TARGET = 10.14;
				MTL_ENABLE_DEBUG_INFO = NO;
				MTL_FAST_MATH = YES;
				SDKROOT = macosx;
				SWIFT_COMPILATION_MODE = wholemodule;
				SWIFT_OPTIMIZATION_LEVEL = "-O";
			};
			name = Release;
		};
		4431A05822AAF60000865489 /* Debug */ = {
			isa = XCBuildConfiguration;
			buildSettings = {
				ASSETCATALOG_COMPILER_APPICON_NAME = AppIcon;
				CODE_SIGN_ENTITLEMENTS = macOS/Ant_Saver.entitlements;
				CODE_SIGN_STYLE = Automatic;
				COMBINE_HIDPI_IMAGES = YES;
				DEVELOPMENT_TEAM = 2Y9M69QJKZ;
				INFOPLIST_FILE = macOS/Info.plist;
				LD_RUNPATH_SEARCH_PATHS = (
					"$(inherited)",
					"@executable_path/../Frameworks",
				);
				PRODUCT_BUNDLE_IDENTIFIER = "net.amiantos.Langton-s-Planet";
				PRODUCT_NAME = "$(TARGET_NAME)";
				SWIFT_VERSION = 5.0;
			};
			name = Debug;
		};
		4431A05922AAF60000865489 /* Release */ = {
			isa = XCBuildConfiguration;
			buildSettings = {
				ASSETCATALOG_COMPILER_APPICON_NAME = AppIcon;
				CODE_SIGN_ENTITLEMENTS = macOS/Ant_Saver.entitlements;
				CODE_SIGN_STYLE = Automatic;
				COMBINE_HIDPI_IMAGES = YES;
				DEVELOPMENT_TEAM = 2Y9M69QJKZ;
				INFOPLIST_FILE = macOS/Info.plist;
				LD_RUNPATH_SEARCH_PATHS = (
					"$(inherited)",
					"@executable_path/../Frameworks",
				);
				PRODUCT_BUNDLE_IDENTIFIER = "net.amiantos.Langton-s-Planet";
				PRODUCT_NAME = "$(TARGET_NAME)";
				SWIFT_VERSION = 5.0;
			};
			name = Release;
		};
		44FEDB6322AF1F96002FE07C /* Debug */ = {
			isa = XCBuildConfiguration;
			buildSettings = {
				ASSETCATALOG_COMPILER_APPICON_NAME = "Brand Assets";
				CODE_SIGN_IDENTITY = "iPhone Developer";
				CODE_SIGN_STYLE = Automatic;
				DEVELOPMENT_TEAM = "";
				INFOPLIST_FILE = tvOS/Info.plist;
				LD_RUNPATH_SEARCH_PATHS = (
					"$(inherited)",
					"@executable_path/Frameworks",
				);
				PRODUCT_BUNDLE_IDENTIFIER = "net.amiantos.Langton-s-Planet";
				PRODUCT_NAME = "$(TARGET_NAME)";
				PROVISIONING_PROFILE_SPECIFIER = "";
				SDKROOT = appletvos;
				SWIFT_VERSION = 5.0;
				TARGETED_DEVICE_FAMILY = 3;
				TVOS_DEPLOYMENT_TARGET = 12.2;
			};
			name = Debug;
		};
		44FEDB6422AF1F96002FE07C /* Release */ = {
			isa = XCBuildConfiguration;
			buildSettings = {
				ASSETCATALOG_COMPILER_APPICON_NAME = "Brand Assets";
				CODE_SIGN_IDENTITY = "iPhone Developer";
				CODE_SIGN_STYLE = Automatic;
				DEVELOPMENT_TEAM = "";
				INFOPLIST_FILE = tvOS/Info.plist;
				LD_RUNPATH_SEARCH_PATHS = (
					"$(inherited)",
					"@executable_path/Frameworks",
				);
				PRODUCT_BUNDLE_IDENTIFIER = "net.amiantos.Langton-s-Planet";
				PRODUCT_NAME = "$(TARGET_NAME)";
				PROVISIONING_PROFILE_SPECIFIER = "";
				SDKROOT = appletvos;
				SWIFT_VERSION = 5.0;
				TARGETED_DEVICE_FAMILY = 3;
				TVOS_DEPLOYMENT_TARGET = 12.2;
				VALIDATE_PRODUCT = YES;
			};
			name = Release;
		};
/* End XCBuildConfiguration section */

/* Begin XCConfigurationList section */
		4431A03C22AAF5FF00865489 /* Build configuration list for PBXProject "Langton's Planet" */ = {
			isa = XCConfigurationList;
			buildConfigurations = (
				4431A05522AAF60000865489 /* Debug */,
				4431A05622AAF60000865489 /* Release */,
			);
			defaultConfigurationIsVisible = 0;
			defaultConfigurationName = Release;
		};
		4431A05722AAF60000865489 /* Build configuration list for PBXNativeTarget "macOS" */ = {
			isa = XCConfigurationList;
			buildConfigurations = (
				4431A05822AAF60000865489 /* Debug */,
				4431A05922AAF60000865489 /* Release */,
			);
			defaultConfigurationIsVisible = 0;
			defaultConfigurationName = Release;
		};
		44FEDB6522AF1F96002FE07C /* Build configuration list for PBXNativeTarget "tvOS" */ = {
			isa = XCConfigurationList;
			buildConfigurations = (
				44FEDB6322AF1F96002FE07C /* Debug */,
				44FEDB6422AF1F96002FE07C /* Release */,
			);
			defaultConfigurationIsVisible = 0;
			defaultConfigurationName = Release;
		};
/* End XCConfigurationList section */
	};
	rootObject = 4431A03922AAF5FF00865489 /* Project object */;
}
